
Microsoft Visual Studio Solution File, Format Version 12.00
# Visual Studio Version 17
VisualStudioVersion = 17.6.33815.320
MinimumVisualStudioVersion = 10.0.40219.1
Project("{9A19103F-16F7-4668-BE54-9A1E7A4F7556}") = "portfolio-web-app", "portfolio-web-app.csproj", "{A3B29154-48FA-47AB-BD8B-0DE9CF4E41DF}"
EndProject
Global
	GlobalSection(SolutionConfigurationPlatforms) = preSolution
		Debug|Any CPU = Debug|Any CPU
		Release|Any CPU = Release|Any CPU
	EndGlobalSection
	GlobalSection(ProjectConfigurationPlatforms) = postSolution
		{A3B29154-48FA-47AB-BD8B-0DE9CF4E41DF}.Debug|Any CPU.ActiveCfg = Debug|Any CPU
		{A3B29154-48FA-47AB-BD8B-0DE9CF4E41DF}.Debug|Any CPU.Build.0 = Debug|Any CPU
		{A3B29154-48FA-47AB-BD8B-0DE9CF4E41DF}.Release|Any CPU.ActiveCfg = Release|Any CPU
		{A3B29154-48FA-47AB-BD8B-0DE9CF4E41DF}.Release|Any CPU.Build.0 = Release|Any CPU
	EndGlobalSection
	GlobalSection(SolutionProperties) = preSolution
		HideSolutionNode = FALSE
	EndGlobalSection
	GlobalSection(ExtensibilityGlobals) = postSolution
		SolutionGuid = {68B3C69E-F13A-4D35-AA3F-18E29E8C4F6F}
	EndGlobalSection
EndGlobal
